
Microsoft Visual Studio Solution File, Format Version 12.00
# Visual Studio 14
VisualStudioVersion = 14.0.24720.0
MinimumVisualStudioVersion = 10.0.40219.1
Project("{FAE04EC0-301F-11D3-BF4B-00C04F79EFBC}") = "Week3_CodeEvalSumOfIntegers_01192016", "Week3_CodeEvalSumOfIntegers_01192016\Week3_CodeEvalSumOfIntegers_01192016.csproj", "{51412B91-1756-4E8F-ACA4-9F6A5B0C3872}"
EndProject
Global
	GlobalSection(SolutionConfigurationPlatforms) = preSolution
		Debug|Any CPU = Debug|Any CPU
		Release|Any CPU = Release|Any CPU
	EndGlobalSection
	GlobalSection(ProjectConfigurationPlatforms) = postSolution
		{51412B91-1756-4E8F-ACA4-9F6A5B0C3872}.Debug|Any CPU.ActiveCfg = Debug|Any CPU
		{51412B91-1756-4E8F-ACA4-9F6A5B0C3872}.Debug|Any CPU.Build.0 = Debug|Any CPU
		{51412B91-1756-4E8F-ACA4-9F6A5B0C3872}.Release|Any CPU.ActiveCfg = Release|Any CPU
		{51412B91-1756-4E8F-ACA4-9F6A5B0C3872}.Release|Any CPU.Build.0 = Release|Any CPU
	EndGlobalSection
	GlobalSection(SolutionProperties) = preSolution
		HideSolutionNode = FALSE
	EndGlobalSection
EndGlobal
